
Microsoft Visual Studio Solution File, Format Version 12.00
# Visual Studio Version 16
VisualStudioVersion = 16.0.30413.136
MinimumVisualStudioVersion = 10.0.40219.1
Project("{FAE04EC0-301F-11D3-BF4B-00C04F79EFBC}") = "SNMaquetacion.Android", "SNMaquetacion.Android\SNMaquetacion.Android.csproj", "{EE5EC248-F4B2-4CE2-9D6D-C058BB07D4A1}"
EndProject
Project("{FAE04EC0-301F-11D3-BF4B-00C04F79EFBC}") = "SNMaquetacion.iOS", "SNMaquetacion.iOS\SNMaquetacion.iOS.csproj", "{111A7241-5800-4597-8163-D07EAD6453B7}"
EndProject
Project("{FAE04EC0-301F-11D3-BF4B-00C04F79EFBC}") = "SNMaquetacion", "SNMaquetacion\SNMaquetacion.csproj", "{A527FD33-9BD2-4F9D-B4DA-1E5AE8BE6CB4}"
EndProject
Global
	GlobalSection(SolutionConfigurationPlatforms) = preSolution
		Debug|Any CPU = Debug|Any CPU
		Debug|iPhone = Debug|iPhone
		Debug|iPhoneSimulator = Debug|iPhoneSimulator
		Release|Any CPU = Release|Any CPU
		Release|iPhone = Release|iPhone
		Release|iPhoneSimulator = Release|iPhoneSimulator
	EndGlobalSection
	GlobalSection(ProjectConfigurationPlatforms) = postSolution
		{EE5EC248-F4B2-4CE2-9D6D-C058BB07D4A1}.Debug|Any CPU.ActiveCfg = Debug|Any CPU
		{EE5EC248-F4B2-4CE2-9D6D-C058BB07D4A1}.Debug|Any CPU.Build.0 = Debug|Any CPU
		{EE5EC248-F4B2-4CE2-9D6D-C058BB07D4A1}.Debug|Any CPU.Deploy.0 = Debug|Any CPU
		{EE5EC248-F4B2-4CE2-9D6D-C058BB07D4A1}.Debug|iPhone.ActiveCfg = Debug|Any CPU
		{EE5EC248-F4B2-4CE2-9D6D-C058BB07D4A1}.Debug|iPhone.Build.0 = Debug|Any CPU
		{EE5EC248-F4B2-4CE2-9D6D-C058BB07D4A1}.Debug|iPhone.Deploy.0 = Debug|Any CPU
		{EE5EC248-F4B2-4CE2-9D6D-C058BB07D4A1}.Debug|iPhoneSimulator.ActiveCfg = Debug|Any CPU
		{EE5EC248-F4B2-4CE2-9D6D-C058BB07D4A1}.Debug|iPhoneSimulator.Build.0 = Debug|Any CPU
		{EE5EC248-F4B2-4CE2-9D6D-C058BB07D4A1}.Debug|iPhoneSimulator.Deploy.0 = Debug|Any CPU
		{EE5EC248-F4B2-4CE2-9D6D-C058BB07D4A1}.Release|Any CPU.ActiveCfg = Release|Any CPU
		{EE5EC248-F4B2-4CE2-9D6D-C058BB07D4A1}.Release|Any CPU.Build.0 = Release|Any CPU
		{EE5EC248-F4B2-4CE2-9D6D-C058BB07D4A1}.Release|Any CPU.Deploy.0 = Release|Any CPU
		{EE5EC248-F4B2-4CE2-9D6D-C058BB07D4A1}.Release|iPhone.ActiveCfg = Release|Any CPU
		{EE5EC248-F4B2-4CE2-9D6D-C058BB07D4A1}.Release|iPhone.Build.0 = Release|Any CPU
		{EE5EC248-F4B2-4CE2-9D6D-C058BB07D4A1}.Release|iPhone.Deploy.0 = Release|Any CPU
		{EE5EC248-F4B2-4CE2-9D6D-C058BB07D4A1}.Release|iPhoneSimulator.ActiveCfg = Release|Any CPU
		{EE5EC248-F4B2-4CE2-9D6D-C058BB07D4A1}.Release|iPhoneSimulator.Build.0 = Release|Any CPU
		{EE5EC248-F4B2-4CE2-9D6D-C058BB07D4A1}.Release|iPhoneSimulator.Deploy.0 = Release|Any CPU
		{111A7241-5800-4597-8163-D07EAD6453B7}.Debug|Any CPU.ActiveCfg = Debug|iPhone
		{111A7241-5800-4597-8163-D07EAD6453B7}.Debug|Any CPU.Build.0 = Debug|iPhone
		{111A7241-5800-4597-8163-D07EAD6453B7}.Debug|Any CPU.Deploy.0 = Debug|iPhone
		{111A7241-5800-4597-8163-D07EAD6453B7}.Debug|iPhone.ActiveCfg = Debug|iPhone
		{111A7241-5800-4597-8163-D07EAD6453B7}.Debug|iPhone.Build.0 = Debug|iPhone
		{111A7241-5800-4597-8163-D07EAD6453B7}.Debug|iPhone.Deploy.0 = Debug|iPhone
		{111A7241-5800-4597-8163-D07EAD6453B7}.Debug|iPhoneSimulator.ActiveCfg = Debug|iPhoneSimulator
		{111A7241-5800-4597-8163-D07EAD6453B7}.Debug|iPhoneSimulator.Build.0 = Debug|iPhoneSimulator
		{111A7241-5800-4597-8163-D07EAD6453B7}.Debug|iPhoneSimulator.Deploy.0 = Debug|iPhoneSimulator
		{111A7241-5800-4597-8163-D07EAD6453B7}.Release|Any CPU.ActiveCfg = Release|iPhone
		{111A7241-5800-4597-8163-D07EAD6453B7}.Release|Any CPU.Build.0 = Release|iPhone
		{111A7241-5800-4597-8163-D07EAD6453B7}.Release|Any CPU.Deploy.0 = Release|iPhone
		{111A7241-5800-4597-8163-D07EAD6453B7}.Release|iPhone.ActiveCfg = Release|iPhone
		{111A7241-5800-4597-8163-D07EAD6453B7}.Release|iPhone.Build.0 = Release|iPhone
		{111A7241-5800-4597-8163-D07EAD6453B7}.Release|iPhone.Deploy.0 = Release|iPhone
		{111A7241-5800-4597-8163-D07EAD6453B7}.Release|iPhoneSimulator.ActiveCfg = Release|iPhoneSimulator
		{111A7241-5800-4597-8163-D07EAD6453B7}.Release|iPhoneSimulator.Build.0 = Release|iPhoneSimulator
		{111A7241-5800-4597-8163-D07EAD6453B7}.Release|iPhoneSimulator.Deploy.0 = Release|iPhoneSimulator
		{A527FD33-9BD2-4F9D-B4DA-1E5AE8BE6CB4}.Debug|Any CPU.ActiveCfg = Debug|Any CPU
		{A527FD33-9BD2-4F9D-B4DA-1E5AE8BE6CB4}.Debug|Any CPU.Build.0 = Debug|Any CPU
		{A527FD33-9BD2-4F9D-B4DA-1E5AE8BE6CB4}.Debug|Any CPU.Deploy.0 = Debug|Any CPU
		{A527FD33-9BD2-4F9D-B4DA-1E5AE8BE6CB4}.Debug|iPhone.ActiveCfg = Debug|Any CPU
		{A527FD33-9BD2-4F9D-B4DA-1E5AE8BE6CB4}.Debug|iPhone.Build.0 = Debug|Any CPU
		{A527FD33-9BD2-4F9D-B4DA-1E5AE8BE6CB4}.Debug|iPhone.Deploy.0 = Debug|Any CPU
		{A527FD33-9BD2-4F9D-B4DA-1E5AE8BE6CB4}.Debug|iPhoneSimulator.ActiveCfg = Debug|Any CPU
		{A527FD33-9BD2-4F9D-B4DA-1E5AE8BE6CB4}.Debug|iPhoneSimulator.Build.0 = Debug|Any CPU
		{A527FD33-9BD2-4F9D-B4DA-1E5AE8BE6CB4}.Debug|iPhoneSimulator.Deploy.0 = Debug|Any CPU
		{A527FD33-9BD2-4F9D-B4DA-1E5AE8BE6CB4}.Release|Any CPU.ActiveCfg = Release|Any CPU
		{A527FD33-9BD2-4F9D-B4DA-1E5AE8BE6CB4}.Release|Any CPU.Build.0 = Release|Any CPU
		{A527FD33-9BD2-4F9D-B4DA-1E5AE8BE6CB4}.Release|Any CPU.Deploy.0 = Release|Any CPU
		{A527FD33-9BD2-4F9D-B4DA-1E5AE8BE6CB4}.Release|iPhone.ActiveCfg = Release|Any CPU
		{A527FD33-9BD2-4F9D-B4DA-1E5AE8BE6CB4}.Release|iPhone.Build.0 = Release|Any CPU
		{A527FD33-9BD2-4F9D-B4DA-1E5AE8BE6CB4}.Release|iPhone.Deploy.0 = Release|Any CPU
		{A527FD33-9BD2-4F9D-B4DA-1E5AE8BE6CB4}.Release|iPhoneSimulator.ActiveCfg = Release|Any CPU
		{A527FD33-9BD2-4F9D-B4DA-1E5AE8BE6CB4}.Release|iPhoneSimulator.Build.0 = Release|Any CPU
		{A527FD33-9BD2-4F9D-B4DA-1E5AE8BE6CB4}.Release|iPhoneSimulator.Deploy.0 = Release|Any CPU
	EndGlobalSection
	GlobalSection(SolutionProperties) = preSolution
		HideSolutionNode = FALSE
	EndGlobalSection
	GlobalSection(ExtensibilityGlobals) = postSolution
		SolutionGuid = {65F2BB52-C868-4018-ABBF-EB99259D43B7}
	EndGlobalSection
EndGlobal
